{
	"name": "factory-digital",
	"version": "1.0.0",
	"lockfileVersion": 3,
	"requires": true,
	"packages": {
		"": {
			"name": "factory-digital",
			"version": "1.0.0",
			"license": "ISC",
			"dependencies": {
				"cookie": "^0.6.0",
				"dotenv": "^16.3.1",
				"find-my-way": "^7.7.0",
				"liquidjs": "^10.9.4",
				"mime-types": "^2.1.35",
				"redis": "^4.6.11",
				"tracer": "^1.3.0"
			},
			"devDependencies": {
				"prettier": "^3.1.0"
			}
		},
		"node_modules/@redis/bloom": {
			"version": "1.2.0",
			"resolved": "https://registry.npmjs.org/@redis/bloom/-/bloom-1.2.0.tgz",
			"integrity": "sha512-HG2DFjYKbpNmVXsa0keLHp/3leGJz1mjh09f2RLGGLQZzSHpkmZWuwJbAvo3QcRY8p80m5+ZdXZdYOSBLlp7Cg==",
			"peerDependencies": {
				"@redis/client": "^1.0.0"
			}
		},
		"node_modules/@redis/client": {
			"version": "1.5.12",
			"resolved": "https://registry.npmjs.org/@redis/client/-/client-1.5.12.tgz",
			"integrity": "sha512-/ZjE18HRzMd80eXIIUIPcH81UoZpwulbo8FmbElrjPqH0QC0SeIKu1BOU49bO5trM5g895kAjhvalt5h77q+4A==",
			"dependencies": {
				"cluster-key-slot": "1.1.2",
				"generic-pool": "3.9.0",
				"yallist": "4.0.0"
			},
			"engines": {
				"node": ">=14"
			}
		},
		"node_modules/@redis/graph": {
			"version": "1.1.1",
			"resolved": "https://registry.npmjs.org/@redis/graph/-/graph-1.1.1.tgz",
			"integrity": "sha512-FEMTcTHZozZciLRl6GiiIB4zGm5z5F3F6a6FZCyrfxdKOhFlGkiAqlexWMBzCi4DcRoyiOsuLfW+cjlGWyExOw==",
			"peerDependencies": {
				"@redis/client": "^1.0.0"
			}
		},
		"node_modules/@redis/json": {
			"version": "1.0.6",
			"resolved": "https://registry.npmjs.org/@redis/json/-/json-1.0.6.tgz",
			"integrity": "sha512-rcZO3bfQbm2zPRpqo82XbW8zg4G/w4W3tI7X8Mqleq9goQjAGLL7q/1n1ZX4dXEAmORVZ4s1+uKLaUOg7LrUhw==",
			"peerDependencies": {
				"@redis/client": "^1.0.0"
			}
		},
		"node_modules/@redis/search": {
			"version": "1.1.6",
			"resolved": "https://registry.npmjs.org/@redis/search/-/search-1.1.6.tgz",
			"integrity": "sha512-mZXCxbTYKBQ3M2lZnEddwEAks0Kc7nauire8q20oA0oA/LoA+E/b5Y5KZn232ztPb1FkIGqo12vh3Lf+Vw5iTw==",
			"peerDependencies": {
				"@redis/client": "^1.0.0"
			}
		},
		"node_modules/@redis/time-series": {
			"version": "1.0.5",
			"resolved": "https://registry.npmjs.org/@redis/time-series/-/time-series-1.0.5.tgz",
			"integrity": "sha512-IFjIgTusQym2B5IZJG3XKr5llka7ey84fw/NOYqESP5WUfQs9zz1ww/9+qoz4ka/S6KcGBodzlCeZ5UImKbscg==",
			"peerDependencies": {
				"@redis/client": "^1.0.0"
			}
		},
		"node_modules/cluster-key-slot": {
			"version": "1.1.2",
			"resolved": "https://registry.npmjs.org/cluster-key-slot/-/cluster-key-slot-1.1.2.tgz",
			"integrity": "sha512-RMr0FhtfXemyinomL4hrWcYJxmX6deFdCxpJzhDttxgO1+bcCnkk+9drydLVDmAMG7NE6aN/fl4F7ucU/90gAA==",
			"engines": {
				"node": ">=0.10.0"
			}
		},
		"node_modules/colors": {
			"version": "1.4.0",
			"resolved": "https://registry.npmjs.org/colors/-/colors-1.4.0.tgz",
			"integrity": "sha512-a+UqTh4kgZg/SlGvfbzDHpgRu7AAQOmmqRHJnxhRZICKFUT91brVhNNt58CMWU9PsBbv3PDCZUHbVxuDiH2mtA==",
			"engines": {
				"node": ">=0.1.90"
			}
		},
		"node_modules/commander": {
			"version": "10.0.1",
			"resolved": "https://registry.npmjs.org/commander/-/commander-10.0.1.tgz",
			"integrity": "sha512-y4Mg2tXshplEbSGzx7amzPwKKOCGuoSRP/CjEdwwk0FOGlUbq6lKuoyDZTNZkmxHdJtp54hdfY/JUrdL7Xfdug==",
			"engines": {
				"node": ">=14"
			}
		},
		"node_modules/cookie": {
			"version": "0.6.0",
			"resolved": "https://registry.npmjs.org/cookie/-/cookie-0.6.0.tgz",
			"integrity": "sha512-U71cyTamuh1CRNCfpGY6to28lxvNwPG4Guz/EVjgf3Jmzv0vlDp1atT9eS5dDjMYHucpHbWns6Lwf3BKz6svdw==",
			"engines": {
				"node": ">= 0.6"
			}
		},
		"node_modules/dateformat": {
			"version": "4.5.1",
			"resolved": "https://registry.npmjs.org/dateformat/-/dateformat-4.5.1.tgz",
			"integrity": "sha512-OD0TZ+B7yP7ZgpJf5K2DIbj3FZvFvxgFUuaqA/V5zTjAtAAXZ1E8bktHxmAGs4x5b7PflqA9LeQ84Og7wYtF7Q==",
			"engines": {
				"node": "*"
			}
		},
		"node_modules/dotenv": {
			"version": "16.3.1",
			"resolved": "https://registry.npmjs.org/dotenv/-/dotenv-16.3.1.tgz",
			"integrity": "sha512-IPzF4w4/Rd94bA9imS68tZBaYyBWSCE47V1RGuMrB94iyTOIEwRmVL2x/4An+6mETpLrKJ5hQkB8W4kFAadeIQ==",
			"engines": {
				"node": ">=12"
			},
			"funding": {
				"url": "https://github.com/motdotla/dotenv?sponsor=1"
			}
		},
		"node_modules/fast-decode-uri-component": {
			"version": "1.0.1",
			"resolved": "https://registry.npmjs.org/fast-decode-uri-component/-/fast-decode-uri-component-1.0.1.tgz",
			"integrity": "sha512-WKgKWg5eUxvRZGwW8FvfbaH7AXSh2cL+3j5fMGzUMCxWBJ3dV3a7Wz8y2f/uQ0e3B6WmodD3oS54jTQ9HVTIIg=="
		},
		"node_modules/fast-deep-equal": {
			"version": "3.1.3",
			"resolved": "https://registry.npmjs.org/fast-deep-equal/-/fast-deep-equal-3.1.3.tgz",
			"integrity": "sha512-f3qQ9oQy9j2AhBe/H9VC91wLmKBCCU/gDOnKNAYG5hswO7BLKj09Hc5HYNz9cGI++xlpDCIgDaitVs03ATR84Q=="
		},
		"node_modules/fast-querystring": {
			"version": "1.1.2",
			"resolved": "https://registry.npmjs.org/fast-querystring/-/fast-querystring-1.1.2.tgz",
			"integrity": "sha512-g6KuKWmFXc0fID8WWH0jit4g0AGBoJhCkJMb1RmbsSEUNvQ+ZC8D6CUZ+GtF8nMzSPXnhiePyyqqipzNNEnHjg==",
			"dependencies": {
				"fast-decode-uri-component": "^1.0.1"
			}
		},
		"node_modules/find-my-way": {
			"version": "7.7.0",
			"resolved": "https://registry.npmjs.org/find-my-way/-/find-my-way-7.7.0.tgz",
			"integrity": "sha512-+SrHpvQ52Q6W9f3wJoJBbAQULJuNEEQwBvlvYwACDhBTLOTMiQ0HYWh4+vC3OivGP2ENcTI1oKlFA2OepJNjhQ==",
			"dependencies": {
				"fast-deep-equal": "^3.1.3",
				"fast-querystring": "^1.0.0",
				"safe-regex2": "^2.0.0"
			},
			"engines": {
				"node": ">=14"
			}
		},
		"node_modules/generic-pool": {
			"version": "3.9.0",
			"resolved": "https://registry.npmjs.org/generic-pool/-/generic-pool-3.9.0.tgz",
			"integrity": "sha512-hymDOu5B53XvN4QT9dBmZxPX4CWhBPPLguTZ9MMFeFa/Kg0xWVfylOVNlJji/E7yTZWFd/q9GO5TxDLq156D7g==",
			"engines": {
				"node": ">= 4"
			}
		},
		"node_modules/liquidjs": {
			"version": "10.9.4",
			"resolved": "https://registry.npmjs.org/liquidjs/-/liquidjs-10.9.4.tgz",
			"integrity": "sha512-E7SmGMwhv0Pa1Yau6odd2EgNPAmrx1OOjzvpm9AFxBGVtCX2Bx4fOCDtDCML13L7g6zjLPN7Kb/kakyAl2HTPQ==",
			"dependencies": {
				"commander": "^10.0.0"
			},
			"bin": {
				"liquid": "bin/liquid.js",
				"liquidjs": "bin/liquid.js"
			},
			"engines": {
				"node": ">=14"
			},
			"funding": {
				"type": "opencollective",
				"url": "https://opencollective.com/liquidjs"
			}
		},
		"node_modules/mime-db": {
			"version": "1.52.0",
			"resolved": "https://registry.npmjs.org/mime-db/-/mime-db-1.52.0.tgz",
			"integrity": "sha512-sPU4uV7dYlvtWJxwwxHD0PuihVNiE7TyAbQ5SWxDCB9mUYvOgroQOwYQQOKPJ8CIbE+1ETVlOoK1UC2nU3gYvg==",
			"engines": {
				"node": ">= 0.6"
			}
		},
		"node_modules/mime-types": {
			"version": "2.1.35",
			"resolved": "https://registry.npmjs.org/mime-types/-/mime-types-2.1.35.tgz",
			"integrity": "sha512-ZDY+bPm5zTTF+YpCrAU9nK0UgICYPT0QtT1NZWFv4s++TNkcgVaT0g6+4R2uI4MjQjzysHB1zxuWL50hzaeXiw==",
			"dependencies": {
				"mime-db": "1.52.0"
			},
			"engines": {
				"node": ">= 0.6"
			}
		},
		"node_modules/mkdirp": {
			"version": "1.0.4",
			"resolved": "https://registry.npmjs.org/mkdirp/-/mkdirp-1.0.4.tgz",
			"integrity": "sha512-vVqVZQyf3WLx2Shd0qJ9xuvqgAyKPLAiqITEtqW0oIUjzo3PePDd6fW9iFz30ef7Ysp/oiWqbhszeGWW2T6Gzw==",
			"bin": {
				"mkdirp": "bin/cmd.js"
			},
			"engines": {
				"node": ">=10"
			}
		},
		"node_modules/prettier": {
			"version": "3.1.0",
			"resolved": "https://registry.npmjs.org/prettier/-/prettier-3.1.0.tgz",
			"integrity": "sha512-TQLvXjq5IAibjh8EpBIkNKxO749UEWABoiIZehEPiY4GNpVdhaFKqSTu+QrlU6D2dPAfubRmtJTi4K4YkQ5eXw==",
			"dev": true,
			"bin": {
				"prettier": "bin/prettier.cjs"
			},
			"engines": {
				"node": ">=14"
			},
			"funding": {
				"url": "https://github.com/prettier/prettier?sponsor=1"
			}
		},
		"node_modules/redis": {
			"version": "4.6.11",
			"resolved": "https://registry.npmjs.org/redis/-/redis-4.6.11.tgz",
			"integrity": "sha512-kg1Lt4NZLYkAjPOj/WcyIGWfZfnyfKo1Wg9YKVSlzhFwxpFIl3LYI8BWy1Ab963LLDsTz2+OwdsesHKljB3WMQ==",
			"dependencies": {
				"@redis/bloom": "1.2.0",
				"@redis/client": "1.5.12",
				"@redis/graph": "1.1.1",
				"@redis/json": "1.0.6",
				"@redis/search": "1.1.6",
				"@redis/time-series": "1.0.5"
			}
		},
		"node_modules/ret": {
			"version": "0.2.2",
			"resolved": "https://registry.npmjs.org/ret/-/ret-0.2.2.tgz",
			"integrity": "sha512-M0b3YWQs7R3Z917WRQy1HHA7Ba7D8hvZg6UE5mLykJxQVE2ju0IXbGlaHPPlkY+WN7wFP+wUMXmBFA0aV6vYGQ==",
			"engines": {
				"node": ">=4"
			}
		},
		"node_modules/safe-regex2": {
			"version": "2.0.0",
			"resolved": "https://registry.npmjs.org/safe-regex2/-/safe-regex2-2.0.0.tgz",
			"integrity": "sha512-PaUSFsUaNNuKwkBijoAPHAK6/eM6VirvyPWlZ7BAQy4D+hCvh4B6lIG+nPdhbFfIbP+gTGBcrdsOaUs0F+ZBOQ==",
			"dependencies": {
				"ret": "~0.2.0"
			}
		},
		"node_modules/tinytim": {
			"version": "0.1.1",
			"resolved": "https://registry.npmjs.org/tinytim/-/tinytim-0.1.1.tgz",
			"integrity": "sha512-NIpsp9lBIxPNzB++HnMmUd4byzJSVbbO4F+As1Gb1IG/YQT5QvmBDjpx8SpDS8fhGC+t+Qw8ldQgbcAIaU+2cA==",
			"engines": {
				"node": ">= 0.2.0"
			}
		},
		"node_modules/tracer": {
			"version": "1.3.0",
			"resolved": "https://registry.npmjs.org/tracer/-/tracer-1.3.0.tgz",
			"integrity": "sha512-8G2okIuUNThM1W8HU9YUCsQgxROw9VpewE2f8Tsw3B90b0acvBiATqnUIvv07qG/aBTs7ALDr7tLVUVD86kPPA==",
			"dependencies": {
				"colors": "1.4.0",
				"dateformat": "4.5.1",
				"mkdirp": "^1.0.4",
				"tinytim": "0.1.1"
			},
			"engines": {
				"node": ">= 16.20.1"
			}
		},
		"node_modules/yallist": {
			"version": "4.0.0",
			"resolved": "https://registry.npmjs.org/yallist/-/yallist-4.0.0.tgz",
			"integrity": "sha512-3wdGidZyq5PB084XLES5TpOSRA3wjXAlIWMhum2kRcv/41Sn2emQ0dycQW4uZXLejwKvg6EsvbdlVL+FYEct7A=="
		}
	}
}
